
Microsoft Visual Studio Solution File, Format Version 12.00
# Visual Studio 15
VisualStudioVersion = 15.0.28307.645
MinimumVisualStudioVersion = 10.0.40219.1
Project("{FAE04EC0-301F-11D3-BF4B-00C04F79EFBC}") = "UrbanRFP", "UrbanRFP\UrbanRFP.csproj", "{EA4FDB89-080A-4AF9-96A6-1D48AA8B3C4F}"
EndProject
Project("{FAE04EC0-301F-11D3-BF4B-00C04F79EFBC}") = "UrbanRFP.Facade", "UrbanRFP.Facade\UrbanRFP.Facade.csproj", "{2DCF8E0F-1013-4BF1-B785-8A7E7E767243}"
EndProject
Project("{FAE04EC0-301F-11D3-BF4B-00C04F79EFBC}") = "UrbanRFP.Infrastructure", "UrbanRFP.Infrastructure\UrbanRFP.Infrastructure.csproj", "{AA226D69-1D70-44BE-82DC-E6729EB3449B}"
EndProject
Project("{FAE04EC0-301F-11D3-BF4B-00C04F79EFBC}") = "UrbanRFP.Mapping", "UrbanRFP.Mapping\UrbanRFP.Mapping.csproj", "{443A0F2E-0949-4AAD-92A1-89370E3FBADD}"
EndProject
Project("{FAE04EC0-301F-11D3-BF4B-00C04F79EFBC}") = "UrbanRFP.Domain", "UrbanRFP.Domain\UrbanRFP.Domain.csproj", "{387E7381-7A12-4317-95BA-32C559622AE3}"
EndProject
Global
	GlobalSection(SolutionConfigurationPlatforms) = preSolution
		Debug|Any CPU = Debug|Any CPU
		Release|Any CPU = Release|Any CPU
	EndGlobalSection
	GlobalSection(ProjectConfigurationPlatforms) = postSolution
		{EA4FDB89-080A-4AF9-96A6-1D48AA8B3C4F}.Debug|Any CPU.ActiveCfg = Debug|Any CPU
		{EA4FDB89-080A-4AF9-96A6-1D48AA8B3C4F}.Debug|Any CPU.Build.0 = Debug|Any CPU
		{EA4FDB89-080A-4AF9-96A6-1D48AA8B3C4F}.Release|Any CPU.ActiveCfg = Release|Any CPU
		{EA4FDB89-080A-4AF9-96A6-1D48AA8B3C4F}.Release|Any CPU.Build.0 = Release|Any CPU
		{2DCF8E0F-1013-4BF1-B785-8A7E7E767243}.Debug|Any CPU.ActiveCfg = Debug|Any CPU
		{2DCF8E0F-1013-4BF1-B785-8A7E7E767243}.Debug|Any CPU.Build.0 = Debug|Any CPU
		{2DCF8E0F-1013-4BF1-B785-8A7E7E767243}.Release|Any CPU.ActiveCfg = Release|Any CPU
		{2DCF8E0F-1013-4BF1-B785-8A7E7E767243}.Release|Any CPU.Build.0 = Release|Any CPU
		{AA226D69-1D70-44BE-82DC-E6729EB3449B}.Debug|Any CPU.ActiveCfg = Debug|Any CPU
		{AA226D69-1D70-44BE-82DC-E6729EB3449B}.Debug|Any CPU.Build.0 = Debug|Any CPU
		{AA226D69-1D70-44BE-82DC-E6729EB3449B}.Release|Any CPU.ActiveCfg = Release|Any CPU
		{AA226D69-1D70-44BE-82DC-E6729EB3449B}.Release|Any CPU.Build.0 = Release|Any CPU
		{443A0F2E-0949-4AAD-92A1-89370E3FBADD}.Debug|Any CPU.ActiveCfg = Debug|Any CPU
		{443A0F2E-0949-4AAD-92A1-89370E3FBADD}.Debug|Any CPU.Build.0 = Debug|Any CPU
		{443A0F2E-0949-4AAD-92A1-89370E3FBADD}.Release|Any CPU.ActiveCfg = Release|Any CPU
		{443A0F2E-0949-4AAD-92A1-89370E3FBADD}.Release|Any CPU.Build.0 = Release|Any CPU
		{387E7381-7A12-4317-95BA-32C559622AE3}.Debug|Any CPU.ActiveCfg = Debug|Any CPU
		{387E7381-7A12-4317-95BA-32C559622AE3}.Debug|Any CPU.Build.0 = Debug|Any CPU
		{387E7381-7A12-4317-95BA-32C559622AE3}.Release|Any CPU.ActiveCfg = Release|Any CPU
		{387E7381-7A12-4317-95BA-32C559622AE3}.Release|Any CPU.Build.0 = Release|Any CPU
	EndGlobalSection
	GlobalSection(SolutionProperties) = preSolution
		HideSolutionNode = FALSE
	EndGlobalSection
	GlobalSection(ExtensibilityGlobals) = postSolution
		SolutionGuid = {5EF352D3-A2BE-45CC-8947-0E3E341A9521}
	EndGlobalSection
EndGlobal
